// !$*UTF8*$!
{
	archiveVersion = 1;
	classes = {
	};
	objectVersion = 55;
	objects = {

/* Begin PBXBuildFile section */
		60864F52E634025B086297B0 /* Pods_MOBT_1_Clean_Code.framework in Frameworks */ = {isa = PBXBuildFile; fileRef = 88BA08BC69B55C246F5C0097 /* Pods_MOBT_1_Clean_Code.framework */; };
		E91340DF27DBAB1500C0A060 /* AppDelegate.swift in Sources */ = {isa = PBXBuildFile; fileRef = E91340DE27DBAB1500C0A060 /* AppDelegate.swift */; };
		E91340E127DBAB1500C0A060 /* SceneDelegate.swift in Sources */ = {isa = PBXBuildFile; fileRef = E91340E027DBAB1500C0A060 /* SceneDelegate.swift */; };
		E91340E327DBAB1500C0A060 /* ViewController.swift in Sources */ = {isa = PBXBuildFile; fileRef = E91340E227DBAB1500C0A060 /* ViewController.swift */; };
		E91340E627DBAB1500C0A060 /* Main.storyboard in Resources */ = {isa = PBXBuildFile; fileRef = E91340E427DBAB1500C0A060 /* Main.storyboard */; };
		E91340E827DBAB1700C0A060 /* Assets.xcassets in Resources */ = {isa = PBXBuildFile; fileRef = E91340E727DBAB1700C0A060 /* Assets.xcassets */; };
		E91340EB27DBAB1700C0A060 /* LaunchScreen.storyboard in Resources */ = {isa = PBXBuildFile; fileRef = E91340E927DBAB1700C0A060 /* LaunchScreen.storyboard */; };
/* End PBXBuildFile section */

/* Begin PBXFileReference section */
		88BA08BC69B55C246F5C0097 /* Pods_MOBT_1_Clean_Code.framework */ = {isa = PBXFileReference; explicitFileType = wrapper.framework; includeInIndex = 0; path = Pods_MOBT_1_Clean_Code.framework; sourceTree = BUILT_PRODUCTS_DIR; };
		E91340DB27DBAB1500C0A060 /* MOBT-1-Clean-Code.app */ = {isa = PBXFileReference; explicitFileType = wrapper.application; includeInIndex = 0; path = "MOBT-1-Clean-Code.app"; sourceTree = BUILT_PRODUCTS_DIR; };
		E91340DE27DBAB1500C0A060 /* AppDelegate.swift */ = {isa = PBXFileReference; lastKnownFileType = sourcecode.swift; path = AppDelegate.swift; sourceTree = "<group>"; };
		E91340E027DBAB1500C0A060 /* SceneDelegate.swift */ = {isa = PBXFileReference; lastKnownFileType = sourcecode.swift; path = SceneDelegate.swift; sourceTree = "<group>"; };
		E91340E227DBAB1500C0A060 /* ViewController.swift */ = {isa = PBXFileReference; lastKnownFileType = sourcecode.swift; path = ViewController.swift; sourceTree = "<group>"; };
		E91340E527DBAB1500C0A060 /* Base */ = {isa = PBXFileReference; lastKnownFileType = file.storyboard; name = Base; path = Base.lproj/Main.storyboard; sourceTree = "<group>"; };
		E91340E727DBAB1700C0A060 /* Assets.xcassets */ = {isa = PBXFileReference; lastKnownFileType = folder.assetcatalog; path = Assets.xcassets; sourceTree = "<group>"; };
		E91340EA27DBAB1700C0A060 /* Base */ = {isa = PBXFileReference; lastKnownFileType = file.storyboard; name = Base; path = Base.lproj/LaunchScreen.storyboard; sourceTree = "<group>"; };
		E91340EC27DBAB1700C0A060 /* Info.plist */ = {isa = PBXFileReference; lastKnownFileType = text.plist.xml; path = Info.plist; sourceTree = "<group>"; };
		F5094BF14BCDF799F2823A36 /* Pods-MOBT-1-Clean-Code.debug.xcconfig */ = {isa = PBXFileReference; includeInIndex = 1; lastKnownFileType = text.xcconfig; name = "Pods-MOBT-1-Clean-Code.debug.xcconfig"; path = "Target Support Files/Pods-MOBT-1-Clean-Code/Pods-MOBT-1-Clean-Code.debug.xcconfig"; sourceTree = "<group>"; };
		FE510D77F81ECFCB76CB75A7 /* Pods-MOBT-1-Clean-Code.release.xcconfig */ = {isa = PBXFileReference; includeInIndex = 1; lastKnownFileType = text.xcconfig; name = "Pods-MOBT-1-Clean-Code.release.xcconfig"; path = "Target Support Files/Pods-MOBT-1-Clean-Code/Pods-MOBT-1-Clean-Code.release.xcconfig"; sourceTree = "<group>"; };
/* End PBXFileReference section */

/* Begin PBXFrameworksBuildPhase section */
		E91340D827DBAB1500C0A060 /* Frameworks */ = {
			isa = PBXFrameworksBuildPhase;
			buildActionMask = 2147483647;
			files = (
				60864F52E634025B086297B0 /* Pods_MOBT_1_Clean_Code.framework in Frameworks */,
			);
			runOnlyForDeploymentPostprocessing = 0;
		};
/* End PBXFrameworksBuildPhase section */

/* Begin PBXGroup section */
		5B1898E96AD33DB77CA6FD79 /* Frameworks */ = {
			isa = PBXGroup;
			children = (
				88BA08BC69B55C246F5C0097 /* Pods_MOBT_1_Clean_Code.framework */,
			);
			name = Frameworks;
			sourceTree = "<group>";
		};
		5D7B320272F11B0F956A0571 /* Pods */ = {
			isa = PBXGroup;
			children = (
				F5094BF14BCDF799F2823A36 /* Pods-MOBT-1-Clean-Code.debug.xcconfig */,
				FE510D77F81ECFCB76CB75A7 /* Pods-MOBT-1-Clean-Code.release.xcconfig */,
			);
			path = Pods;
			sourceTree = "<group>";
		};
		E91340D227DBAB1500C0A060 = {
			isa = PBXGroup;
			children = (
				E91340DD27DBAB1500C0A060 /* MOBT-1-Clean-Code */,
				E91340DC27DBAB1500C0A060 /* Products */,
				5D7B320272F11B0F956A0571 /* Pods */,
				5B1898E96AD33DB77CA6FD79 /* Frameworks */,
			);
			sourceTree = "<group>";
		};
		E91340DC27DBAB1500C0A060 /* Products */ = {
			isa = PBXGroup;
			children = (
				E91340DB27DBAB1500C0A060 /* MOBT-1-Clean-Code.app */,
			);
			name = Products;
			sourceTree = "<group>";
		};
		E91340DD27DBAB1500C0A060 /* MOBT-1-Clean-Code */ = {
			isa = PBXGroup;
			children = (
				E91340DE27DBAB1500C0A060 /* AppDelegate.swift */,
				E91340E027DBAB1500C0A060 /* SceneDelegate.swift */,
				E91340E227DBAB1500C0A060 /* ViewController.swift */,
				E91340E427DBAB1500C0A060 /* Main.storyboard */,
				E91340E727DBAB1700C0A060 /* Assets.xcassets */,
				E91340E927DBAB1700C0A060 /* LaunchScreen.storyboard */,
				E91340EC27DBAB1700C0A060 /* Info.plist */,
			);
			path = "MOBT-1-Clean-Code";
			sourceTree = "<group>";
		};
/* End PBXGroup section */

/* Begin PBXNativeTarget section */
		E91340DA27DBAB1500C0A060 /* MOBT-1-Clean-Code */ = {
			isa = PBXNativeTarget;
			buildConfigurationList = E91340EF27DBAB1700C0A060 /* Build configuration list for PBXNativeTarget "MOBT-1-Clean-Code" */;
			buildPhases = (
				36C107D9133990D0161E2B95 /* [CP] Check Pods Manifest.lock */,
				E91340F227DBAD3400C0A060 /* SwiftLint */,
				E91340D727DBAB1500C0A060 /* Sources */,
				E91340D827DBAB1500C0A060 /* Frameworks */,
				E91340D927DBAB1500C0A060 /* Resources */,
			);
			buildRules = (
			);
			dependencies = (
			);
			name = "MOBT-1-Clean-Code";
			productName = "MOBT-1-Clean-Code";
			productReference = E91340DB27DBAB1500C0A060 /* MOBT-1-Clean-Code.app */;
			productType = "com.apple.product-type.application";
		};
/* End PBXNativeTarget section */

/* Begin PBXProject section */
		E91340D327DBAB1500C0A060 /* Project object */ = {
			isa = PBXProject;
			attributes = {
				BuildIndependentTargetsInParallel = 1;
				LastSwiftUpdateCheck = 1320;
				LastUpgradeCheck = 1320;
				TargetAttributes = {
					E91340DA27DBAB1500C0A060 = {
						CreatedOnToolsVersion = 13.2.1;
					};
				};
			};
			buildConfigurationList = E91340D627DBAB1500C0A060 /* Build configuration list for PBXProject "MOBT-1-Clean-Code" */;
			compatibilityVersion = "Xcode 13.0";
			developmentRegion = en;
			hasScannedForEncodings = 0;
			knownRegions = (
				en,
				Base,
			);
			mainGroup = E91340D227DBAB1500C0A060;
			productRefGroup = E91340DC27DBAB1500C0A060 /* Products */;
			projectDirPath = "";
			projectRoot = "";
			targets = (
				E91340DA27DBAB1500C0A060 /* MOBT-1-Clean-Code */,
			);
		};
/* End PBXProject section */

/* Begin PBXResourcesBuildPhase section */
		E91340D927DBAB1500C0A060 /* Resources */ = {
			isa = PBXResourcesBuildPhase;
			buildActionMask = 2147483647;
			files = (
				E91340EB27DBAB1700C0A060 /* LaunchScreen.storyboard in Resources */,
				E91340E827DBAB1700C0A060 /* Assets.xcassets in Resources */,
				E91340E627DBAB1500C0A060 /* Main.storyboard in Resources */,
			);
			runOnlyForDeploymentPostprocessing = 0;
		};
/* End PBXResourcesBuildPhase section */

/* Begin PBXShellScriptBuildPhase section */
		36C107D9133990D0161E2B95 /* [CP] Check Pods Manifest.lock */ = {
			isa = PBXShellScriptBuildPhase;
			buildActionMask = 2147483647;
			files = (
			);
			inputFileListPaths = (
			);
			inputPaths = (
				"${PODS_PODFILE_DIR_PATH}/Podfile.lock",
				"${PODS_ROOT}/Manifest.lock",
			);
			name = "[CP] Check Pods Manifest.lock";
			outputFileListPaths = (
			);
			outputPaths = (
				"$(DERIVED_FILE_DIR)/Pods-MOBT-1-Clean-Code-checkManifestLockResult.txt",
			);
			runOnlyForDeploymentPostprocessing = 0;
			shellPath = /bin/sh;
			shellScript = "diff \"${PODS_PODFILE_DIR_PATH}/Podfile.lock\" \"${PODS_ROOT}/Manifest.lock\" > /dev/null\nif [ $? != 0 ] ; then\n    # print error to STDERR\n    echo \"error: The sandbox is not in sync with the Podfile.lock. Run 'pod install' or update your CocoaPods installation.\" >&2\n    exit 1\nfi\n# This output is used by Xcode 'outputs' to avoid re-running this script phase.\necho \"SUCCESS\" > \"${SCRIPT_OUTPUT_FILE_0}\"\n";
			showEnvVarsInLog = 0;
		};
		E91340F227DBAD3400C0A060 /* SwiftLint */ = {
			isa = PBXShellScriptBuildPhase;
			buildActionMask = 2147483647;
			files = (
			);
			inputFileListPaths = (
			);
			inputPaths = (
			);
			name = SwiftLint;
			outputFileListPaths = (
			);
			outputPaths = (
			);
			runOnlyForDeploymentPostprocessing = 0;
			shellPath = /bin/sh;
			shellScript = "export PATH=\"$PATH:/opt/homebrew/bin\"\n\nif which swiftlint >/dev/null; then\n  swiftlint\nelse\n  echo \"warning: SwiftLint not installed, download from https://github.com/realm/SwiftLint\"\nfi\n";
		};
/* End PBXShellScriptBuildPhase section */

/* Begin PBXSourcesBuildPhase section */
		E91340D727DBAB1500C0A060 /* Sources */ = {
			isa = PBXSourcesBuildPhase;
			buildActionMask = 2147483647;
			files = (
				E91340E327DBAB1500C0A060 /* ViewController.swift in Sources */,
				E91340DF27DBAB1500C0A060 /* AppDelegate.swift in Sources */,
				E91340E127DBAB1500C0A060 /* SceneDelegate.swift in Sources */,
			);
			runOnlyForDeploymentPostprocessing = 0;
		};
/* End PBXSourcesBuildPhase section */

/* Begin PBXVariantGroup section */
		E91340E427DBAB1500C0A060 /* Main.storyboard */ = {
			isa = PBXVariantGroup;
			children = (
				E91340E527DBAB1500C0A060 /* Base */,
			);
			name = Main.storyboard;
			sourceTree = "<group>";
		};
		E91340E927DBAB1700C0A060 /* LaunchScreen.storyboard */ = {
			isa = PBXVariantGroup;
			children = (
				E91340EA27DBAB1700C0A060 /* Base */,
			);
			name = LaunchScreen.storyboard;
			sourceTree = "<group>";
		};
/* End PBXVariantGroup section */

/* Begin XCBuildConfiguration section */
		E91340ED27DBAB1700C0A060 /* Debug */ = {
			isa = XCBuildConfiguration;
			buildSettings = {
				ALWAYS_SEARCH_USER_PATHS = NO;
				CLANG_ANALYZER_NONNULL = YES;
				CLANG_ANALYZER_NUMBER_OBJECT_CONVERSION = YES_AGGRESSIVE;
				CLANG_CXX_LANGUAGE_STANDARD = "gnu++17";
				CLANG_CXX_LIBRARY = "libc++";
				CLANG_ENABLE_MODULES = YES;
				CLANG_ENABLE_OBJC_ARC = YES;
				CLANG_ENABLE_OBJC_WEAK = YES;
				CLANG_WARN_BLOCK_CAPTURE_AUTORELEASING = YES;
				CLANG_WARN_BOOL_CONVERSION = YES;
				CLANG_WARN_COMMA = YES;
				CLANG_WARN_CONSTANT_CONVERSION = YES;
				CLANG_WARN_DEPRECATED_OBJC_IMPLEMENTATIONS = YES;
				CLANG_WARN_DIRECT_OBJC_ISA_USAGE = YES_ERROR;
				CLANG_WARN_DOCUMENTATION_COMMENTS = YES;
				CLANG_WARN_EMPTY_BODY = YES;
				CLANG_WARN_ENUM_CONVERSION = YES;
				CLANG_WARN_INFINITE_RECURSION = YES;
				CLANG_WARN_INT_CONVERSION = YES;
				CLANG_WARN_NON_LITERAL_NULL_CONVERSION = YES;
				CLANG_WARN_OBJC_IMPLICIT_RETAIN_SELF = YES;
				CLANG_WARN_OBJC_LITERAL_CONVERSION = YES;
				CLANG_WARN_OBJC_ROOT_CLASS = YES_ERROR;
				CLANG_WARN_QUOTED_INCLUDE_IN_FRAMEWORK_HEADER = YES;
				CLANG_WARN_RANGE_LOOP_ANALYSIS = YES;
				CLANG_WARN_STRICT_PROTOTYPES = YES;
				CLANG_WARN_SUSPICIOUS_MOVE = YES;
				CLANG_WARN_UNGUARDED_AVAILABILITY = YES_AGGRESSIVE;
				CLANG_WARN_UNREACHABLE_CODE = YES;
				CLANG_WARN__DUPLICATE_METHOD_MATCH = YES;
				COPY_PHASE_STRIP = NO;
				DEBUG_INFORMATION_FORMAT = dwarf;
				ENABLE_STRICT_OBJC_MSGSEND = YES;
				ENABLE_TESTABILITY = YES;
				GCC_C_LANGUAGE_STANDARD = gnu11;
				GCC_DYNAMIC_NO_PIC = NO;
				GCC_NO_COMMON_BLOCKS = YES;
				GCC_OPTIMIZATION_LEVEL = 0;
				GCC_PREPROCESSOR_DEFINITIONS = (
					"DEBUG=1",
					"$(inherited)",
				);
				GCC_WARN_64_TO_32_BIT_CONVERSION = YES;
				GCC_WARN_ABOUT_RETURN_TYPE = YES_ERROR;
				GCC_WARN_UNDECLARED_SELECTOR = YES;
				GCC_WARN_UNINITIALIZED_AUTOS = YES_AGGRESSIVE;
				GCC_WARN_UNUSED_FUNCTION = YES;
				GCC_WARN_UNUSED_VARIABLE = YES;
				IPHONEOS_DEPLOYMENT_TARGET = 15.2;
				MTL_ENABLE_DEBUG_INFO = INCLUDE_SOURCE;
				MTL_FAST_MATH = YES;
				ONLY_ACTIVE_ARCH = YES;
				SDKROOT = iphoneos;
				SWIFT_ACTIVE_COMPILATION_CONDITIONS = DEBUG;
				SWIFT_OPTIMIZATION_LEVEL = "-Onone";
			};
			name = Debug;
		};
		E91340EE27DBAB1700C0A060 /* Release */ = {
			isa = XCBuildConfiguration;
			buildSettings = {
				ALWAYS_SEARCH_USER_PATHS = NO;
				CLANG_ANALYZER_NONNULL = YES;
				CLANG_ANALYZER_NUMBER_OBJECT_CONVERSION = YES_AGGRESSIVE;
				CLANG_CXX_LANGUAGE_STANDARD = "gnu++17";
				CLANG_CXX_LIBRARY = "libc++";
				CLANG_ENABLE_MODULES = YES;
				CLANG_ENABLE_OBJC_ARC = YES;
				CLANG_ENABLE_OBJC_WEAK = YES;
				CLANG_WARN_BLOCK_CAPTURE_AUTORELEASING = YES;
				CLANG_WARN_BOOL_CONVERSION = YES;
				CLANG_WARN_COMMA = YES;
				CLANG_WARN_CONSTANT_CONVERSION = YES;
				CLANG_WARN_DEPRECATED_OBJC_IMPLEMENTATIONS = YES;
				CLANG_WARN_DIRECT_OBJC_ISA_USAGE = YES_ERROR;
				CLANG_WARN_DOCUMENTATION_COMMENTS = YES;
				CLANG_WARN_EMPTY_BODY = YES;
				CLANG_WARN_ENUM_CONVERSION = YES;
				CLANG_WARN_INFINITE_RECURSION = YES;
				CLANG_WARN_INT_CONVERSION = YES;
				CLANG_WARN_NON_LITERAL_NULL_CONVERSION = YES;
				CLANG_WARN_OBJC_IMPLICIT_RETAIN_SELF = YES;
				CLANG_WARN_OBJC_LITERAL_CONVERSION = YES;
				CLANG_WARN_OBJC_ROOT_CLASS = YES_ERROR;
				CLANG_WARN_QUOTED_INCLUDE_IN_FRAMEWORK_HEADER = YES;
				CLANG_WARN_RANGE_LOOP_ANALYSIS = YES;
				CLANG_WARN_STRICT_PROTOTYPES = YES;
				CLANG_WARN_SUSPICIOUS_MOVE = YES;
				CLANG_WARN_UNGUARDED_AVAILABILITY = YES_AGGRESSIVE;
				CLANG_WARN_UNREACHABLE_CODE = YES;
				CLANG_WARN__DUPLICATE_METHOD_MATCH = YES;
				COPY_PHASE_STRIP = NO;
				DEBUG_INFORMATION_FORMAT = "dwarf-with-dsym";
				ENABLE_NS_ASSERTIONS = NO;
				ENABLE_STRICT_OBJC_MSGSEND = YES;
				GCC_C_LANGUAGE_STANDARD = gnu11;
				GCC_NO_COMMON_BLOCKS = YES;
				GCC_WARN_64_TO_32_BIT_CONVERSION = YES;
				GCC_WARN_ABOUT_RETURN_TYPE = YES_ERROR;
				GCC_WARN_UNDECLARED_SELECTOR = YES;
				GCC_WARN_UNINITIALIZED_AUTOS = YES_AGGRESSIVE;
				GCC_WARN_UNUSED_FUNCTION = YES;
				GCC_WARN_UNUSED_VARIABLE = YES;
				IPHONEOS_DEPLOYMENT_TARGET = 15.2;
				MTL_ENABLE_DEBUG_INFO = NO;
				MTL_FAST_MATH = YES;
				SDKROOT = iphoneos;
				SWIFT_COMPILATION_MODE = wholemodule;
				SWIFT_OPTIMIZATION_LEVEL = "-O";
				VALIDATE_PRODUCT = YES;
			};
			name = Release;
		};
		E91340F027DBAB1700C0A060 /* Debug */ = {
			isa = XCBuildConfiguration;
			baseConfigurationReference = F5094BF14BCDF799F2823A36 /* Pods-MOBT-1-Clean-Code.debug.xcconfig */;
			buildSettings = {
				ASSETCATALOG_COMPILER_APPICON_NAME = AppIcon;
				ASSETCATALOG_COMPILER_GLOBAL_ACCENT_COLOR_NAME = AccentColor;
				CODE_SIGN_STYLE = Automatic;
				CURRENT_PROJECT_VERSION = 1;
				GENERATE_INFOPLIST_FILE = YES;
				INFOPLIST_FILE = "MOBT-1-Clean-Code/Info.plist";
				INFOPLIST_KEY_UIApplicationSupportsIndirectInputEvents = YES;
				INFOPLIST_KEY_UILaunchStoryboardName = LaunchScreen;
				INFOPLIST_KEY_UIMainStoryboardFile = Main;
				INFOPLIST_KEY_UISupportedInterfaceOrientations_iPad = "UIInterfaceOrientationPortrait UIInterfaceOrientationPortraitUpsideDown UIInterfaceOrientationLandscapeLeft UIInterfaceOrientationLandscapeRight";
				INFOPLIST_KEY_UISupportedInterfaceOrientations_iPhone = "UIInterfaceOrientationPortrait UIInterfaceOrientationLandscapeLeft UIInterfaceOrientationLandscapeRight";
				LD_RUNPATH_SEARCH_PATHS = (
					"$(inherited)",
					"@executable_path/Frameworks",
				);
				MARKETING_VERSION = 1.0;
				PRODUCT_BUNDLE_IDENTIFIER = "com.babanin.MOBT-1-Clean-Code";
				PRODUCT_NAME = "$(TARGET_NAME)";
				SWIFT_EMIT_LOC_STRINGS = YES;
				SWIFT_VERSION = 5.0;
				TARGETED_DEVICE_FAMILY = "1,2";
			};
			name = Debug;
		};
		E91340F127DBAB1700C0A060 /* Release */ = {
			isa = XCBuildConfiguration;
			baseConfigurationReference = FE510D77F81ECFCB76CB75A7 /* Pods-MOBT-1-Clean-Code.release.xcconfig */;
			buildSettings = {
				ASSETCATALOG_COMPILER_APPICON_NAME = AppIcon;
				ASSETCATALOG_COMPILER_GLOBAL_ACCENT_COLOR_NAME = AccentColor;
				CODE_SIGN_STYLE = Automatic;
				CURRENT_PROJECT_VERSION = 1;
				GENERATE_INFOPLIST_FILE = YES;
				INFOPLIST_FILE = "MOBT-1-Clean-Code/Info.plist";
				INFOPLIST_KEY_UIApplicationSupportsIndirectInputEvents = YES;
				INFOPLIST_KEY_UILaunchStoryboardName = LaunchScreen;
				INFOPLIST_KEY_UIMainStoryboardFile = Main;
				INFOPLIST_KEY_UISupportedInterfaceOrientations_iPad = "UIInterfaceOrientationPortrait UIInterfaceOrientationPortraitUpsideDown UIInterfaceOrientationLandscapeLeft UIInterfaceOrientationLandscapeRight";
				INFOPLIST_KEY_UISupportedInterfaceOrientations_iPhone = "UIInterfaceOrientationPortrait UIInterfaceOrientationLandscapeLeft UIInterfaceOrientationLandscapeRight";
				LD_RUNPATH_SEARCH_PATHS = (
					"$(inherited)",
					"@executable_path/Frameworks",
				);
				MARKETING_VERSION = 1.0;
				PRODUCT_BUNDLE_IDENTIFIER = "com.babanin.MOBT-1-Clean-Code";
				PRODUCT_NAME = "$(TARGET_NAME)";
				SWIFT_EMIT_LOC_STRINGS = YES;
				SWIFT_VERSION = 5.0;
				TARGETED_DEVICE_FAMILY = "1,2";
			};
			name = Release;
		};
/* End XCBuildConfiguration section */

/* Begin XCConfigurationList section */
		E91340D627DBAB1500C0A060 /* Build configuration list for PBXProject "MOBT-1-Clean-Code" */ = {
			isa = XCConfigurationList;
			buildConfigurations = (
				E91340ED27DBAB1700C0A060 /* Debug */,
				E91340EE27DBAB1700C0A060 /* Release */,
			);
			defaultConfigurationIsVisible = 0;
			defaultConfigurationName = Release;
		};
		E91340EF27DBAB1700C0A060 /* Build configuration list for PBXNativeTarget "MOBT-1-Clean-Code" */ = {
			isa = XCConfigurationList;
			buildConfigurations = (
				E91340F027DBAB1700C0A060 /* Debug */,
				E91340F127DBAB1700C0A060 /* Release */,
			);
			defaultConfigurationIsVisible = 0;
			defaultConfigurationName = Release;
		};
/* End XCConfigurationList section */
	};
	rootObject = E91340D327DBAB1500C0A060 /* Project object */;
}
